
Microsoft Visual Studio Solution File, Format Version 12.00
# Visual Studio Version 16
VisualStudioVersion = 16.0.29503.13
MinimumVisualStudioVersion = 10.0.40219.1
Project("{FAE04EC0-301F-11D3-BF4B-00C04F79EFBC}") = "MVC_Test", "MVC_Test\MVC_Test.csproj", "{57F8FBEF-6DD0-472D-85C4-A6C1973FA237}"
EndProject
Global
	GlobalSection(SolutionConfigurationPlatforms) = preSolution
		Debug|Any CPU = Debug|Any CPU
		Release|Any CPU = Release|Any CPU
	EndGlobalSection
	GlobalSection(ProjectConfigurationPlatforms) = postSolution
		{57F8FBEF-6DD0-472D-85C4-A6C1973FA237}.Debug|Any CPU.ActiveCfg = Debug|Any CPU
		{57F8FBEF-6DD0-472D-85C4-A6C1973FA237}.Debug|Any CPU.Build.0 = Debug|Any CPU
		{57F8FBEF-6DD0-472D-85C4-A6C1973FA237}.Release|Any CPU.ActiveCfg = Release|Any CPU
		{57F8FBEF-6DD0-472D-85C4-A6C1973FA237}.Release|Any CPU.Build.0 = Release|Any CPU
	EndGlobalSection
	GlobalSection(SolutionProperties) = preSolution
		HideSolutionNode = FALSE
	EndGlobalSection
	GlobalSection(ExtensibilityGlobals) = postSolution
		SolutionGuid = {910AFB8E-F2EE-45BA-874A-089C56DC4801}
	EndGlobalSection
EndGlobal
